
Microsoft Visual Studio Solution File, Format Version 12.00
# Visual Studio 14
VisualStudioVersion = 14.0.25420.1
MinimumVisualStudioVersion = 10.0.40219.1
Project("{8BC9CEB8-8B4A-11D0-8D11-00A0C91BC942}") = "OPENGL ZAJ_4", "OPENGL ZAJ_4\OPENGL ZAJ_4.vcxproj", "{00A493CD-E04E-4EF0-9541-DEBBC2DF30A5}"
EndProject
Project("{8BC9CEB8-8B4A-11D0-8D11-00A0C91BC942}") = "PROGRAM_2", "PROGRAM_2\PROGRAM_2.vcxproj", "{5B52FF39-B7BF-4CB6-8854-46C1890A33F4}"
EndProject
Global
	GlobalSection(SolutionConfigurationPlatforms) = preSolution
		Debug|x64 = Debug|x64
		Debug|x86 = Debug|x86
		Release|x64 = Release|x64
		Release|x86 = Release|x86
	EndGlobalSection
	GlobalSection(ProjectConfigurationPlatforms) = postSolution
		{00A493CD-E04E-4EF0-9541-DEBBC2DF30A5}.Debug|x64.ActiveCfg = Debug|x64
		{00A493CD-E04E-4EF0-9541-DEBBC2DF30A5}.Debug|x64.Build.0 = Debug|x64
		{00A493CD-E04E-4EF0-9541-DEBBC2DF30A5}.Debug|x86.ActiveCfg = Debug|Win32
		{00A493CD-E04E-4EF0-9541-DEBBC2DF30A5}.Debug|x86.Build.0 = Debug|Win32
		{00A493CD-E04E-4EF0-9541-DEBBC2DF30A5}.Release|x64.ActiveCfg = Release|x64
		{00A493CD-E04E-4EF0-9541-DEBBC2DF30A5}.Release|x64.Build.0 = Release|x64
		{00A493CD-E04E-4EF0-9541-DEBBC2DF30A5}.Release|x86.ActiveCfg = Release|Win32
		{00A493CD-E04E-4EF0-9541-DEBBC2DF30A5}.Release|x86.Build.0 = Release|Win32
		{5B52FF39-B7BF-4CB6-8854-46C1890A33F4}.Debug|x64.ActiveCfg = Debug|x64
		{5B52FF39-B7BF-4CB6-8854-46C1890A33F4}.Debug|x64.Build.0 = Debug|x64
		{5B52FF39-B7BF-4CB6-8854-46C1890A33F4}.Debug|x86.ActiveCfg = Debug|Win32
		{5B52FF39-B7BF-4CB6-8854-46C1890A33F4}.Debug|x86.Build.0 = Debug|Win32
		{5B52FF39-B7BF-4CB6-8854-46C1890A33F4}.Release|x64.ActiveCfg = Release|x64
		{5B52FF39-B7BF-4CB6-8854-46C1890A33F4}.Release|x64.Build.0 = Release|x64
		{5B52FF39-B7BF-4CB6-8854-46C1890A33F4}.Release|x86.ActiveCfg = Release|Win32
		{5B52FF39-B7BF-4CB6-8854-46C1890A33F4}.Release|x86.Build.0 = Release|Win32
	EndGlobalSection
	GlobalSection(SolutionProperties) = preSolution
		HideSolutionNode = FALSE
	EndGlobalSection
EndGlobal
